
Microsoft Visual Studio Solution File, Format Version 12.00
# Visual Studio Version 17
VisualStudioVersion = 17.5.002.0
MinimumVisualStudioVersion = 10.0.40219.1
Project("{9A19103F-16F7-4668-BE54-9A1E7A4F7556}") = "PlaywrightDemo", "PlaywrightDemo.csproj", "{5C03B799-8465-44B7-A113-9726DBBBD271}"
EndProject
Global
	GlobalSection(SolutionConfigurationPlatforms) = preSolution
		Debug|Any CPU = Debug|Any CPU
		Release|Any CPU = Release|Any CPU
	EndGlobalSection
	GlobalSection(ProjectConfigurationPlatforms) = postSolution
		{5C03B799-8465-44B7-A113-9726DBBBD271}.Debug|Any CPU.ActiveCfg = Debug|Any CPU
		{5C03B799-8465-44B7-A113-9726DBBBD271}.Debug|Any CPU.Build.0 = Debug|Any CPU
		{5C03B799-8465-44B7-A113-9726DBBBD271}.Release|Any CPU.ActiveCfg = Release|Any CPU
		{5C03B799-8465-44B7-A113-9726DBBBD271}.Release|Any CPU.Build.0 = Release|Any CPU
	EndGlobalSection
	GlobalSection(SolutionProperties) = preSolution
		HideSolutionNode = FALSE
	EndGlobalSection
	GlobalSection(ExtensibilityGlobals) = postSolution
		SolutionGuid = {4BEF248E-6142-4069-8CDC-5F1AA2FBFE17}
	EndGlobalSection
EndGlobal
